
Microsoft Visual Studio Solution File, Format Version 12.00
# Visual Studio Version 17
VisualStudioVersion = 17.6.33712.159
MinimumVisualStudioVersion = 10.0.40219.1
Project("{FAE04EC0-301F-11D3-BF4B-00C04F79EFBC}") = "OPI pr1", "OPI pr1\OPI pr1.csproj", "{7EB1F9C3-6EEB-45C7-8F6A-474353152018}"
EndProject
Global
	GlobalSection(SolutionConfigurationPlatforms) = preSolution
		Debug|Any CPU = Debug|Any CPU
		Release|Any CPU = Release|Any CPU
	EndGlobalSection
	GlobalSection(ProjectConfigurationPlatforms) = postSolution
		{7EB1F9C3-6EEB-45C7-8F6A-474353152018}.Debug|Any CPU.ActiveCfg = Debug|Any CPU
		{7EB1F9C3-6EEB-45C7-8F6A-474353152018}.Debug|Any CPU.Build.0 = Debug|Any CPU
		{7EB1F9C3-6EEB-45C7-8F6A-474353152018}.Release|Any CPU.ActiveCfg = Release|Any CPU
		{7EB1F9C3-6EEB-45C7-8F6A-474353152018}.Release|Any CPU.Build.0 = Release|Any CPU
	EndGlobalSection
	GlobalSection(SolutionProperties) = preSolution
		HideSolutionNode = FALSE
	EndGlobalSection
	GlobalSection(ExtensibilityGlobals) = postSolution
		SolutionGuid = {49164B3D-C06B-44A8-BED5-21B9DCF7EFF3}
	EndGlobalSection
EndGlobal
